
Microsoft Visual Studio Solution File, Format Version 12.00
# Visual Studio Version 17
VisualStudioVersion = 17.1.32210.238
MinimumVisualStudioVersion = 10.0.40219.1
Project("{FAE04EC0-301F-11D3-BF4B-00C04F79EFBC}") = "BizPage_Back_End", "BizPage_Back_End\BizPage_Back_End.csproj", "{679892EE-2EE0-4E11-87E3-27D1C8775C83}"
EndProject
Global
	GlobalSection(SolutionConfigurationPlatforms) = preSolution
		Debug|Any CPU = Debug|Any CPU
		Release|Any CPU = Release|Any CPU
	EndGlobalSection
	GlobalSection(ProjectConfigurationPlatforms) = postSolution
		{679892EE-2EE0-4E11-87E3-27D1C8775C83}.Debug|Any CPU.ActiveCfg = Debug|Any CPU
		{679892EE-2EE0-4E11-87E3-27D1C8775C83}.Debug|Any CPU.Build.0 = Debug|Any CPU
		{679892EE-2EE0-4E11-87E3-27D1C8775C83}.Release|Any CPU.ActiveCfg = Release|Any CPU
		{679892EE-2EE0-4E11-87E3-27D1C8775C83}.Release|Any CPU.Build.0 = Release|Any CPU
	EndGlobalSection
	GlobalSection(SolutionProperties) = preSolution
		HideSolutionNode = FALSE
	EndGlobalSection
	GlobalSection(ExtensibilityGlobals) = postSolution
		SolutionGuid = {B40FC44D-97A7-4CC7-A42D-00C97A3CE2F5}
	EndGlobalSection
EndGlobal
